// !$*UTF8*$!
{
	archiveVersion = 1;
	classes = {
	};
	objectVersion = 46;
	objects = {

/* Begin PBXBuildFile section */
		6A8AF08B1B337E9700C2B463 /* main.m in Sources */ = {isa = PBXBuildFile; fileRef = 6A8AF08A1B337E9700C2B463 /* main.m */; };
		6A8AF08E1B337E9700C2B463 /* AppDelegate.m in Sources */ = {isa = PBXBuildFile; fileRef = 6A8AF08D1B337E9700C2B463 /* AppDelegate.m */; };
		6A8AF0911B337E9700C2B463 /* AddViewController.m in Sources */ = {isa = PBXBuildFile; fileRef = 6A8AF0901B337E9700C2B463 /* AddViewController.m */; };
		6A8AF0941B337E9700C2B463 /* Main.storyboard in Resources */ = {isa = PBXBuildFile; fileRef = 6A8AF0921B337E9700C2B463 /* Main.storyboard */; };
		6A8AF0961B337E9700C2B463 /* Images.xcassets in Resources */ = {isa = PBXBuildFile; fileRef = 6A8AF0951B337E9700C2B463 /* Images.xcassets */; };
		6A8AF0991B337E9700C2B463 /* LaunchScreen.xib in Resources */ = {isa = PBXBuildFile; fileRef = 6A8AF0971B337E9700C2B463 /* LaunchScreen.xib */; };
		6A8AF0A51B337E9700C2B463 /* ToDoAppTests.m in Sources */ = {isa = PBXBuildFile; fileRef = 6A8AF0A41B337E9700C2B463 /* ToDoAppTests.m */; };
		6A8AF0B51B337FA700C2B463 /* Parse.framework in Frameworks */ = {isa = PBXBuildFile; fileRef = 6A8AF0B41B337FA700C2B463 /* Parse.framework */; };
		6A8AF0B71B337FC500C2B463 /* AudioToolbox.framework in Frameworks */ = {isa = PBXBuildFile; fileRef = 6A8AF0B61B337FC500C2B463 /* AudioToolbox.framework */; };
		6A8AF0B91B337FCE00C2B463 /* CFNetwork.framework in Frameworks */ = {isa = PBXBuildFile; fileRef = 6A8AF0B81B337FCE00C2B463 /* CFNetwork.framework */; };
		6A8AF0BB1B337FD800C2B463 /* CoreGraphics.framework in Frameworks */ = {isa = PBXBuildFile; fileRef = 6A8AF0BA1B337FD800C2B463 /* CoreGraphics.framework */; };
		6A8AF0BD1B337FEA00C2B463 /* CoreLocation.framework in Frameworks */ = {isa = PBXBuildFile; fileRef = 6A8AF0BC1B337FEA00C2B463 /* CoreLocation.framework */; };
		6A8AF0BF1B337FF300C2B463 /* MobileCoreServices.framework in Frameworks */ = {isa = PBXBuildFile; fileRef = 6A8AF0BE1B337FF300C2B463 /* MobileCoreServices.framework */; };
		6A8AF0C11B337FFE00C2B463 /* QuartzCore.framework in Frameworks */ = {isa = PBXBuildFile; fileRef = 6A8AF0C01B337FFE00C2B463 /* QuartzCore.framework */; };
		6A8AF0C31B33800600C2B463 /* Security.framework in Frameworks */ = {isa = PBXBuildFile; fileRef = 6A8AF0C21B33800600C2B463 /* Security.framework */; };
		6A8AF0C51B33801000C2B463 /* StoreKit.framework in Frameworks */ = {isa = PBXBuildFile; fileRef = 6A8AF0C41B33801000C2B463 /* StoreKit.framework */; };
		6A8AF0C71B33801B00C2B463 /* SystemConfiguration.framework in Frameworks */ = {isa = PBXBuildFile; fileRef = 6A8AF0C61B33801B00C2B463 /* SystemConfiguration.framework */; };
		6A8AF0C91B33802900C2B463 /* libz.dylib in Frameworks */ = {isa = PBXBuildFile; fileRef = 6A8AF0C81B33802900C2B463 /* libz.dylib */; };
		6A8AF0CB1B33803700C2B463 /* libsqlite3.dylib in Frameworks */ = {isa = PBXBuildFile; fileRef = 6A8AF0CA1B33803700C2B463 /* libsqlite3.dylib */; };
		6A8AF0D11B33816000C2B463 /* Bolts.framework in Frameworks */ = {isa = PBXBuildFile; fileRef = 6A8AF0CC1B33816000C2B463 /* Bolts.framework */; };
		6A8AF0D21B33816000C2B463 /* ParseCrashReporting.framework in Frameworks */ = {isa = PBXBuildFile; fileRef = 6A8AF0CD1B33816000C2B463 /* ParseCrashReporting.framework */; };
		6A8AF0D31B33816000C2B463 /* ParseFacebookUtils.framework in Frameworks */ = {isa = PBXBuildFile; fileRef = 6A8AF0CE1B33816000C2B463 /* ParseFacebookUtils.framework */; };
		6A8AF0D41B33816000C2B463 /* ParseFacebookUtilsV4.framework in Frameworks */ = {isa = PBXBuildFile; fileRef = 6A8AF0CF1B33816000C2B463 /* ParseFacebookUtilsV4.framework */; };
		6A8AF0D51B33816000C2B463 /* ParseUI.framework in Frameworks */ = {isa = PBXBuildFile; fileRef = 6A8AF0D01B33816000C2B463 /* ParseUI.framework */; };
		6A8AF0D81B33993B00C2B463 /* ToDoListViewControllerTableViewController.m in Sources */ = {isa = PBXBuildFile; fileRef = 6A8AF0D71B33993B00C2B463 /* ToDoListViewControllerTableViewController.m */; };
		6A8AF0DB1B339A6B00C2B463 /* ToDoCellTableViewCell.m in Sources */ = {isa = PBXBuildFile; fileRef = 6A8AF0DA1B339A6B00C2B463 /* ToDoCellTableViewCell.m */; };
/* End PBXBuildFile section */

/* Begin PBXContainerItemProxy section */
		6A8AF09F1B337E9700C2B463 /* PBXContainerItemProxy */ = {
			isa = PBXContainerItemProxy;
			containerPortal = 6A8AF07D1B337E9700C2B463 /* Project object */;
			proxyType = 1;
			remoteGlobalIDString = 6A8AF0841B337E9700C2B463;
			remoteInfo = ToDoApp;
		};
/* End PBXContainerItemProxy section */

/* Begin PBXFileReference section */
		6A8AF0851B337E9700C2B463 /* ToDoApp.app */ = {isa = PBXFileReference; explicitFileType = wrapper.application; includeInIndex = 0; path = ToDoApp.app; sourceTree = BUILT_PRODUCTS_DIR; };
		6A8AF0891B337E9700C2B463 /* Info.plist */ = {isa = PBXFileReference; lastKnownFileType = text.plist.xml; path = Info.plist; sourceTree = "<group>"; };
		6A8AF08A1B337E9700C2B463 /* main.m */ = {isa = PBXFileReference; lastKnownFileType = sourcecode.c.objc; path = main.m; sourceTree = "<group>"; };
		6A8AF08C1B337E9700C2B463 /* AppDelegate.h */ = {isa = PBXFileReference; lastKnownFileType = sourcecode.c.h; path = AppDelegate.h; sourceTree = "<group>"; };
		6A8AF08D1B337E9700C2B463 /* AppDelegate.m */ = {isa = PBXFileReference; lastKnownFileType = sourcecode.c.objc; path = AppDelegate.m; sourceTree = "<group>"; };
		6A8AF08F1B337E9700C2B463 /* AddViewController.h */ = {isa = PBXFileReference; lastKnownFileType = sourcecode.c.h; path = AddViewController.h; sourceTree = "<group>"; };
		6A8AF0901B337E9700C2B463 /* AddViewController.m */ = {isa = PBXFileReference; lastKnownFileType = sourcecode.c.objc; path = AddViewController.m; sourceTree = "<group>"; };
		6A8AF0931B337E9700C2B463 /* Base */ = {isa = PBXFileReference; lastKnownFileType = file.storyboard; name = Base; path = Base.lproj/Main.storyboard; sourceTree = "<group>"; };
		6A8AF0951B337E9700C2B463 /* Images.xcassets */ = {isa = PBXFileReference; lastKnownFileType = folder.assetcatalog; path = Images.xcassets; sourceTree = "<group>"; };
		6A8AF0981B337E9700C2B463 /* Base */ = {isa = PBXFileReference; lastKnownFileType = file.xib; name = Base; path = Base.lproj/LaunchScreen.xib; sourceTree = "<group>"; };
		6A8AF09E1B337E9700C2B463 /* ToDoAppTests.xctest */ = {isa = PBXFileReference; explicitFileType = wrapper.cfbundle; includeInIndex = 0; path = ToDoAppTests.xctest; sourceTree = BUILT_PRODUCTS_DIR; };
		6A8AF0A31B337E9700C2B463 /* Info.plist */ = {isa = PBXFileReference; lastKnownFileType = text.plist.xml; path = Info.plist; sourceTree = "<group>"; };
		6A8AF0A41B337E9700C2B463 /* ToDoAppTests.m */ = {isa = PBXFileReference; lastKnownFileType = sourcecode.c.objc; path = ToDoAppTests.m; sourceTree = "<group>"; };
		6A8AF0B41B337FA700C2B463 /* Parse.framework */ = {isa = PBXFileReference; lastKnownFileType = wrapper.framework; path = Parse.framework; sourceTree = "<group>"; };
		6A8AF0B61B337FC500C2B463 /* AudioToolbox.framework */ = {isa = PBXFileReference; lastKnownFileType = wrapper.framework; name = AudioToolbox.framework; path = System/Library/Frameworks/AudioToolbox.framework; sourceTree = SDKROOT; };
		6A8AF0B81B337FCE00C2B463 /* CFNetwork.framework */ = {isa = PBXFileReference; lastKnownFileType = wrapper.framework; name = CFNetwork.framework; path = System/Library/Frameworks/CFNetwork.framework; sourceTree = SDKROOT; };
		6A8AF0BA1B337FD800C2B463 /* CoreGraphics.framework */ = {isa = PBXFileReference; lastKnownFileType = wrapper.framework; name = CoreGraphics.framework; path = System/Library/Frameworks/CoreGraphics.framework; sourceTree = SDKROOT; };
		6A8AF0BC1B337FEA00C2B463 /* CoreLocation.framework */ = {isa = PBXFileReference; lastKnownFileType = wrapper.framework; name = CoreLocation.framework; path = System/Library/Frameworks/CoreLocation.framework; sourceTree = SDKROOT; };
		6A8AF0BE1B337FF300C2B463 /* MobileCoreServices.framework */ = {isa = PBXFileReference; lastKnownFileType = wrapper.framework; name = MobileCoreServices.framework; path = System/Library/Frameworks/MobileCoreServices.framework; sourceTree = SDKROOT; };
		6A8AF0C01B337FFE00C2B463 /* QuartzCore.framework */ = {isa = PBXFileReference; lastKnownFileType = wrapper.framework; name = QuartzCore.framework; path = System/Library/Frameworks/QuartzCore.framework; sourceTree = SDKROOT; };
		6A8AF0C21B33800600C2B463 /* Security.framework */ = {isa = PBXFileReference; lastKnownFileType = wrapper.framework; name = Security.framework; path = System/Library/Frameworks/Security.framework; sourceTree = SDKROOT; };
		6A8AF0C41B33801000C2B463 /* StoreKit.framework */ = {isa = PBXFileReference; lastKnownFileType = wrapper.framework; name = StoreKit.framework; path = System/Library/Frameworks/StoreKit.framework; sourceTree = SDKROOT; };
		6A8AF0C61B33801B00C2B463 /* SystemConfiguration.framework */ = {isa = PBXFileReference; lastKnownFileType = wrapper.framework; name = SystemConfiguration.framework; path = System/Library/Frameworks/SystemConfiguration.framework; sourceTree = SDKROOT; };
		6A8AF0C81B33802900C2B463 /* libz.dylib */ = {isa = PBXFileReference; lastKnownFileType = "compiled.mach-o.dylib"; name = libz.dylib; path = usr/lib/libz.dylib; sourceTree = SDKROOT; };
		6A8AF0CA1B33803700C2B463 /* libsqlite3.dylib */ = {isa = PBXFileReference; lastKnownFileType = "compiled.mach-o.dylib"; name = libsqlite3.dylib; path = usr/lib/libsqlite3.dylib; sourceTree = SDKROOT; };
		6A8AF0CC1B33816000C2B463 /* Bolts.framework */ = {isa = PBXFileReference; lastKnownFileType = wrapper.framework; path = Bolts.framework; sourceTree = "<group>"; };
		6A8AF0CD1B33816000C2B463 /* ParseCrashReporting.framework */ = {isa = PBXFileReference; lastKnownFileType = wrapper.framework; path = ParseCrashReporting.framework; sourceTree = "<group>"; };
		6A8AF0CE1B33816000C2B463 /* ParseFacebookUtils.framework */ = {isa = PBXFileReference; lastKnownFileType = wrapper.framework; path = ParseFacebookUtils.framework; sourceTree = "<group>"; };
		6A8AF0CF1B33816000C2B463 /* ParseFacebookUtilsV4.framework */ = {isa = PBXFileReference; lastKnownFileType = wrapper.framework; path = ParseFacebookUtilsV4.framework; sourceTree = "<group>"; };
		6A8AF0D01B33816000C2B463 /* ParseUI.framework */ = {isa = PBXFileReference; lastKnownFileType = wrapper.framework; path = ParseUI.framework; sourceTree = "<group>"; };
		6A8AF0D61B33993B00C2B463 /* ToDoListViewControllerTableViewController.h */ = {isa = PBXFileReference; fileEncoding = 4; lastKnownFileType = sourcecode.c.h; path = ToDoListViewControllerTableViewController.h; sourceTree = "<group>"; };
		6A8AF0D71B33993B00C2B463 /* ToDoListViewControllerTableViewController.m */ = {isa = PBXFileReference; fileEncoding = 4; lastKnownFileType = sourcecode.c.objc; path = ToDoListViewControllerTableViewController.m; sourceTree = "<group>"; };
		6A8AF0D91B339A6B00C2B463 /* ToDoCellTableViewCell.h */ = {isa = PBXFileReference; fileEncoding = 4; lastKnownFileType = sourcecode.c.h; path = ToDoCellTableViewCell.h; sourceTree = "<group>"; };
		6A8AF0DA1B339A6B00C2B463 /* ToDoCellTableViewCell.m */ = {isa = PBXFileReference; fileEncoding = 4; lastKnownFileType = sourcecode.c.objc; path = ToDoCellTableViewCell.m; sourceTree = "<group>"; };
/* End PBXFileReference section */

/* Begin PBXFrameworksBuildPhase section */
		6A8AF0821B337E9700C2B463 /* Frameworks */ = {
			isa = PBXFrameworksBuildPhase;
			buildActionMask = 2147483647;
			files = (
				6A8AF0CB1B33803700C2B463 /* libsqlite3.dylib in Frameworks */,
				6A8AF0C91B33802900C2B463 /* libz.dylib in Frameworks */,
				6A8AF0C71B33801B00C2B463 /* SystemConfiguration.framework in Frameworks */,
				6A8AF0C51B33801000C2B463 /* StoreKit.framework in Frameworks */,
				6A8AF0C31B33800600C2B463 /* Security.framework in Frameworks */,
				6A8AF0D21B33816000C2B463 /* ParseCrashReporting.framework in Frameworks */,
				6A8AF0C11B337FFE00C2B463 /* QuartzCore.framework in Frameworks */,
				6A8AF0BF1B337FF300C2B463 /* MobileCoreServices.framework in Frameworks */,
				6A8AF0D31B33816000C2B463 /* ParseFacebookUtils.framework in Frameworks */,
				6A8AF0D51B33816000C2B463 /* ParseUI.framework in Frameworks */,
				6A8AF0D11B33816000C2B463 /* Bolts.framework in Frameworks */,
				6A8AF0D41B33816000C2B463 /* ParseFacebookUtilsV4.framework in Frameworks */,
				6A8AF0BD1B337FEA00C2B463 /* CoreLocation.framework in Frameworks */,
				6A8AF0BB1B337FD800C2B463 /* CoreGraphics.framework in Frameworks */,
				6A8AF0B91B337FCE00C2B463 /* CFNetwork.framework in Frameworks */,
				6A8AF0B71B337FC500C2B463 /* AudioToolbox.framework in Frameworks */,
				6A8AF0B51B337FA700C2B463 /* Parse.framework in Frameworks */,
			);
			runOnlyForDeploymentPostprocessing = 0;
		};
		6A8AF09B1B337E9700C2B463 /* Frameworks */ = {
			isa = PBXFrameworksBuildPhase;
			buildActionMask = 2147483647;
			files = (
			);
			runOnlyForDeploymentPostprocessing = 0;
		};
/* End PBXFrameworksBuildPhase section */

/* Begin PBXGroup section */
		6A8AF07C1B337E9700C2B463 = {
			isa = PBXGroup;
			children = (
				6A8AF0871B337E9700C2B463 /* ToDoApp */,
				6A8AF0A11B337E9700C2B463 /* ToDoAppTests */,
				6A8AF0861B337E9700C2B463 /* Products */,
				6A8AF0B31B337F8800C2B463 /* Frameworks */,
			);
			sourceTree = "<group>";
		};
		6A8AF0861B337E9700C2B463 /* Products */ = {
			isa = PBXGroup;
			children = (
				6A8AF0851B337E9700C2B463 /* ToDoApp.app */,
				6A8AF09E1B337E9700C2B463 /* ToDoAppTests.xctest */,
			);
			name = Products;
			sourceTree = "<group>";
		};
		6A8AF0871B337E9700C2B463 /* ToDoApp */ = {
			isa = PBXGroup;
			children = (
				6A8AF08C1B337E9700C2B463 /* AppDelegate.h */,
				6A8AF08D1B337E9700C2B463 /* AppDelegate.m */,
				6A8AF08F1B337E9700C2B463 /* AddViewController.h */,
				6A8AF0901B337E9700C2B463 /* AddViewController.m */,
				6A8AF0921B337E9700C2B463 /* Main.storyboard */,
				6A8AF0951B337E9700C2B463 /* Images.xcassets */,
				6A8AF0971B337E9700C2B463 /* LaunchScreen.xib */,
				6A8AF0881B337E9700C2B463 /* Supporting Files */,
				6A8AF0D61B33993B00C2B463 /* ToDoListViewControllerTableViewController.h */,
				6A8AF0D71B33993B00C2B463 /* ToDoListViewControllerTableViewController.m */,
				6A8AF0D91B339A6B00C2B463 /* ToDoCellTableViewCell.h */,
				6A8AF0DA1B339A6B00C2B463 /* ToDoCellTableViewCell.m */,
			);
			path = ToDoApp;
			sourceTree = "<group>";
		};
		6A8AF0881B337E9700C2B463 /* Supporting Files */ = {
			isa = PBXGroup;
			children = (
				6A8AF0891B337E9700C2B463 /* Info.plist */,
				6A8AF08A1B337E9700C2B463 /* main.m */,
			);
			name = "Supporting Files";
			sourceTree = "<group>";
		};
		6A8AF0A11B337E9700C2B463 /* ToDoAppTests */ = {
			isa = PBXGroup;
			children = (
				6A8AF0A41B337E9700C2B463 /* ToDoAppTests.m */,
				6A8AF0A21B337E9700C2B463 /* Supporting Files */,
			);
			path = ToDoAppTests;
			sourceTree = "<group>";
		};
		6A8AF0A21B337E9700C2B463 /* Supporting Files */ = {
			isa = PBXGroup;
			children = (
				6A8AF0A31B337E9700C2B463 /* Info.plist */,
			);
			name = "Supporting Files";
			sourceTree = "<group>";
		};
		6A8AF0B31B337F8800C2B463 /* Frameworks */ = {
			isa = PBXGroup;
			children = (
				6A8AF0CC1B33816000C2B463 /* Bolts.framework */,
				6A8AF0CD1B33816000C2B463 /* ParseCrashReporting.framework */,
				6A8AF0CE1B33816000C2B463 /* ParseFacebookUtils.framework */,
				6A8AF0CF1B33816000C2B463 /* ParseFacebookUtilsV4.framework */,
				6A8AF0D01B33816000C2B463 /* ParseUI.framework */,
				6A8AF0CA1B33803700C2B463 /* libsqlite3.dylib */,
				6A8AF0C81B33802900C2B463 /* libz.dylib */,
				6A8AF0C61B33801B00C2B463 /* SystemConfiguration.framework */,
				6A8AF0C41B33801000C2B463 /* StoreKit.framework */,
				6A8AF0C21B33800600C2B463 /* Security.framework */,
				6A8AF0C01B337FFE00C2B463 /* QuartzCore.framework */,
				6A8AF0BE1B337FF300C2B463 /* MobileCoreServices.framework */,
				6A8AF0BC1B337FEA00C2B463 /* CoreLocation.framework */,
				6A8AF0BA1B337FD800C2B463 /* CoreGraphics.framework */,
				6A8AF0B81B337FCE00C2B463 /* CFNetwork.framework */,
				6A8AF0B61B337FC500C2B463 /* AudioToolbox.framework */,
				6A8AF0B41B337FA700C2B463 /* Parse.framework */,
			);
			name = Frameworks;
			sourceTree = "<group>";
		};
/* End PBXGroup section */

/* Begin PBXNativeTarget section */
		6A8AF0841B337E9700C2B463 /* ToDoApp */ = {
			isa = PBXNativeTarget;
			buildConfigurationList = 6A8AF0A81B337E9700C2B463 /* Build configuration list for PBXNativeTarget "ToDoApp" */;
			buildPhases = (
				6A8AF0811B337E9700C2B463 /* Sources */,
				6A8AF0821B337E9700C2B463 /* Frameworks */,
				6A8AF0831B337E9700C2B463 /* Resources */,
			);
			buildRules = (
			);
			dependencies = (
			);
			name = ToDoApp;
			productName = ToDoApp;
			productReference = 6A8AF0851B337E9700C2B463 /* ToDoApp.app */;
			productType = "com.apple.product-type.application";
		};
		6A8AF09D1B337E9700C2B463 /* ToDoAppTests */ = {
			isa = PBXNativeTarget;
			buildConfigurationList = 6A8AF0AB1B337E9700C2B463 /* Build configuration list for PBXNativeTarget "ToDoAppTests" */;
			buildPhases = (
				6A8AF09A1B337E9700C2B463 /* Sources */,
				6A8AF09B1B337E9700C2B463 /* Frameworks */,
				6A8AF09C1B337E9700C2B463 /* Resources */,
			);
			buildRules = (
			);
			dependencies = (
				6A8AF0A01B337E9700C2B463 /* PBXTargetDependency */,
			);
			name = ToDoAppTests;
			productName = ToDoAppTests;
			productReference = 6A8AF09E1B337E9700C2B463 /* ToDoAppTests.xctest */;
			productType = "com.apple.product-type.bundle.unit-test";
		};
/* End PBXNativeTarget section */

/* Begin PBXProject section */
		6A8AF07D1B337E9700C2B463 /* Project object */ = {
			isa = PBXProject;
			attributes = {
				LastUpgradeCheck = 0630;
				ORGANIZATIONNAME = "Rodrigo Labanca";
				TargetAttributes = {
					6A8AF0841B337E9700C2B463 = {
						CreatedOnToolsVersion = 6.3.2;
					};
					6A8AF09D1B337E9700C2B463 = {
						CreatedOnToolsVersion = 6.3.2;
						TestTargetID = 6A8AF0841B337E9700C2B463;
					};
				};
			};
			buildConfigurationList = 6A8AF0801B337E9700C2B463 /* Build configuration list for PBXProject "ToDoApp" */;
			compatibilityVersion = "Xcode 3.2";
			developmentRegion = English;
			hasScannedForEncodings = 0;
			knownRegions = (
				en,
				Base,
			);
			mainGroup = 6A8AF07C1B337E9700C2B463;
			productRefGroup = 6A8AF0861B337E9700C2B463 /* Products */;
			projectDirPath = "";
			projectRoot = "";
			targets = (
				6A8AF0841B337E9700C2B463 /* ToDoApp */,
				6A8AF09D1B337E9700C2B463 /* ToDoAppTests */,
			);
		};
/* End PBXProject section */

/* Begin PBXResourcesBuildPhase section */
		6A8AF0831B337E9700C2B463 /* Resources */ = {
			isa = PBXResourcesBuildPhase;
			buildActionMask = 2147483647;
			files = (
				6A8AF0941B337E9700C2B463 /* Main.storyboard in Resources */,
				6A8AF0991B337E9700C2B463 /* LaunchScreen.xib in Resources */,
				6A8AF0961B337E9700C2B463 /* Images.xcassets in Resources */,
			);
			runOnlyForDeploymentPostprocessing = 0;
		};
		6A8AF09C1B337E9700C2B463 /* Resources */ = {
			isa = PBXResourcesBuildPhase;
			buildActionMask = 2147483647;
			files = (
			);
			runOnlyForDeploymentPostprocessing = 0;
		};
/* End PBXResourcesBuildPhase section */

/* Begin PBXSourcesBuildPhase section */
		6A8AF0811B337E9700C2B463 /* Sources */ = {
			isa = PBXSourcesBuildPhase;
			buildActionMask = 2147483647;
			files = (
				6A8AF0DB1B339A6B00C2B463 /* ToDoCellTableViewCell.m in Sources */,
				6A8AF0911B337E9700C2B463 /* AddViewController.m in Sources */,
				6A8AF08E1B337E9700C2B463 /* AppDelegate.m in Sources */,
				6A8AF0D81B33993B00C2B463 /* ToDoListViewControllerTableViewController.m in Sources */,
				6A8AF08B1B337E9700C2B463 /* main.m in Sources */,
			);
			runOnlyForDeploymentPostprocessing = 0;
		};
		6A8AF09A1B337E9700C2B463 /* Sources */ = {
			isa = PBXSourcesBuildPhase;
			buildActionMask = 2147483647;
			files = (
				6A8AF0A51B337E9700C2B463 /* ToDoAppTests.m in Sources */,
			);
			runOnlyForDeploymentPostprocessing = 0;
		};
/* End PBXSourcesBuildPhase section */

/* Begin PBXTargetDependency section */
		6A8AF0A01B337E9700C2B463 /* PBXTargetDependency */ = {
			isa = PBXTargetDependency;
			target = 6A8AF0841B337E9700C2B463 /* ToDoApp */;
			targetProxy = 6A8AF09F1B337E9700C2B463 /* PBXContainerItemProxy */;
		};
/* End PBXTargetDependency section */

/* Begin PBXVariantGroup section */
		6A8AF0921B337E9700C2B463 /* Main.storyboard */ = {
			isa = PBXVariantGroup;
			children = (
				6A8AF0931B337E9700C2B463 /* Base */,
			);
			name = Main.storyboard;
			sourceTree = "<group>";
		};
		6A8AF0971B337E9700C2B463 /* LaunchScreen.xib */ = {
			isa = PBXVariantGroup;
			children = (
				6A8AF0981B337E9700C2B463 /* Base */,
			);
			name = LaunchScreen.xib;
			sourceTree = "<group>";
		};
/* End PBXVariantGroup section */

/* Begin XCBuildConfiguration section */
		6A8AF0A61B337E9700C2B463 /* Debug */ = {
			isa = XCBuildConfiguration;
			buildSettings = {
				ALWAYS_SEARCH_USER_PATHS = NO;
				CLANG_CXX_LANGUAGE_STANDARD = "gnu++0x";
				CLANG_CXX_LIBRARY = "libc++";
				CLANG_ENABLE_MODULES = YES;
				CLANG_ENABLE_OBJC_ARC = YES;
				CLANG_WARN_BOOL_CONVERSION = YES;
				CLANG_WARN_CONSTANT_CONVERSION = YES;
				CLANG_WARN_DIRECT_OBJC_ISA_USAGE = YES_ERROR;
				CLANG_WARN_EMPTY_BODY = YES;
				CLANG_WARN_ENUM_CONVERSION = YES;
				CLANG_WARN_INT_CONVERSION = YES;
				CLANG_WARN_OBJC_ROOT_CLASS = YES_ERROR;
				CLANG_WARN_UNREACHABLE_CODE = YES;
				CLANG_WARN__DUPLICATE_METHOD_MATCH = YES;
				"CODE_SIGN_IDENTITY[sdk=iphoneos*]" = "iPhone Developer";
				COPY_PHASE_STRIP = NO;
				DEBUG_INFORMATION_FORMAT = "dwarf-with-dsym";
				ENABLE_STRICT_OBJC_MSGSEND = YES;
				GCC_C_LANGUAGE_STANDARD = gnu99;
				GCC_DYNAMIC_NO_PIC = NO;
				GCC_NO_COMMON_BLOCKS = YES;
				GCC_OPTIMIZATION_LEVEL = 0;
				GCC_PREPROCESSOR_DEFINITIONS = (
					"DEBUG=1",
					"$(inherited)",
				);
				GCC_SYMBOLS_PRIVATE_EXTERN = NO;
				GCC_WARN_64_TO_32_BIT_CONVERSION = YES;
				GCC_WARN_ABOUT_RETURN_TYPE = YES_ERROR;
				GCC_WARN_UNDECLARED_SELECTOR = YES;
				GCC_WARN_UNINITIALIZED_AUTOS = YES_AGGRESSIVE;
				GCC_WARN_UNUSED_FUNCTION = YES;
				GCC_WARN_UNUSED_VARIABLE = YES;
				IPHONEOS_DEPLOYMENT_TARGET = 8.3;
				MTL_ENABLE_DEBUG_INFO = YES;
				ONLY_ACTIVE_ARCH = YES;
				SDKROOT = iphoneos;
				TARGETED_DEVICE_FAMILY = "1,2";
			};
			name = Debug;
		};
		6A8AF0A71B337E9700C2B463 /* Release */ = {
			isa = XCBuildConfiguration;
			buildSettings = {
				ALWAYS_SEARCH_USER_PATHS = NO;
				CLANG_CXX_LANGUAGE_STANDARD = "gnu++0x";
				CLANG_CXX_LIBRARY = "libc++";
				CLANG_ENABLE_MODULES = YES;
				CLANG_ENABLE_OBJC_ARC = YES;
				CLANG_WARN_BOOL_CONVERSION = YES;
				CLANG_WARN_CONSTANT_CONVERSION = YES;
				CLANG_WARN_DIRECT_OBJC_ISA_USAGE = YES_ERROR;
				CLANG_WARN_EMPTY_BODY = YES;
				CLANG_WARN_ENUM_CONVERSION = YES;
				CLANG_WARN_INT_CONVERSION = YES;
				CLANG_WARN_OBJC_ROOT_CLASS = YES_ERROR;
				CLANG_WARN_UNREACHABLE_CODE = YES;
				CLANG_WARN__DUPLICATE_METHOD_MATCH = YES;
				"CODE_SIGN_IDENTITY[sdk=iphoneos*]" = "iPhone Developer";
				COPY_PHASE_STRIP = NO;
				DEBUG_INFORMATION_FORMAT = "dwarf-with-dsym";
				ENABLE_NS_ASSERTIONS = NO;
				ENABLE_STRICT_OBJC_MSGSEND = YES;
				GCC_C_LANGUAGE_STANDARD = gnu99;
				GCC_NO_COMMON_BLOCKS = YES;
				GCC_WARN_64_TO_32_BIT_CONVERSION = YES;
				GCC_WARN_ABOUT_RETURN_TYPE = YES_ERROR;
				GCC_WARN_UNDECLARED_SELECTOR = YES;
				GCC_WARN_UNINITIALIZED_AUTOS = YES_AGGRESSIVE;
				GCC_WARN_UNUSED_FUNCTION = YES;
				GCC_WARN_UNUSED_VARIABLE = YES;
				IPHONEOS_DEPLOYMENT_TARGET = 8.3;
				MTL_ENABLE_DEBUG_INFO = NO;
				SDKROOT = iphoneos;
				TARGETED_DEVICE_FAMILY = "1,2";
				VALIDATE_PRODUCT = YES;
			};
			name = Release;
		};
		6A8AF0A91B337E9700C2B463 /* Debug */ = {
			isa = XCBuildConfiguration;
			buildSettings = {
				ASSETCATALOG_COMPILER_APPICON_NAME = AppIcon;
				FRAMEWORK_SEARCH_PATHS = (
					"$(inherited)",
					"$(PROJECT_DIR)",
				);
				INFOPLIST_FILE = ToDoApp/Info.plist;
				LD_RUNPATH_SEARCH_PATHS = "$(inherited) @executable_path/Frameworks";
				PRODUCT_NAME = "$(TARGET_NAME)";
			};
			name = Debug;
		};
		6A8AF0AA1B337E9700C2B463 /* Release */ = {
			isa = XCBuildConfiguration;
			buildSettings = {
				ASSETCATALOG_COMPILER_APPICON_NAME = AppIcon;
				FRAMEWORK_SEARCH_PATHS = (
					"$(inherited)",
					"$(PROJECT_DIR)",
				);
				INFOPLIST_FILE = ToDoApp/Info.plist;
				LD_RUNPATH_SEARCH_PATHS = "$(inherited) @executable_path/Frameworks";
				PRODUCT_NAME = "$(TARGET_NAME)";
			};
			name = Release;
		};
		6A8AF0AC1B337E9700C2B463 /* Debug */ = {
			isa = XCBuildConfiguration;
			buildSettings = {
				BUNDLE_LOADER = "$(TEST_HOST)";
				FRAMEWORK_SEARCH_PATHS = (
					"$(SDKROOT)/Developer/Library/Frameworks",
					"$(inherited)",
				);
				GCC_PREPROCESSOR_DEFINITIONS = (
					"DEBUG=1",
					"$(inherited)",
				);
				INFOPLIST_FILE = ToDoAppTests/Info.plist;
				LD_RUNPATH_SEARCH_PATHS = "$(inherited) @executable_path/Frameworks @loader_path/Frameworks";
				PRODUCT_NAME = "$(TARGET_NAME)";
				TEST_HOST = "$(BUILT_PRODUCTS_DIR)/ToDoApp.app/ToDoApp";
			};
			name = Debug;
		};
		6A8AF0AD1B337E9700C2B463 /* Release */ = {
			isa = XCBuildConfiguration;
			buildSettings = {
				BUNDLE_LOADER = "$(TEST_HOST)";
				FRAMEWORK_SEARCH_PATHS = (
					"$(SDKROOT)/Developer/Library/Frameworks",
					"$(inherited)",
				);
				INFOPLIST_FILE = ToDoAppTests/Info.plist;
				LD_RUNPATH_SEARCH_PATHS = "$(inherited) @executable_path/Frameworks @loader_path/Frameworks";
				PRODUCT_NAME = "$(TARGET_NAME)";
				TEST_HOST = "$(BUILT_PRODUCTS_DIR)/ToDoApp.app/ToDoApp";
			};
			name = Release;
		};
/* End XCBuildConfiguration section */

/* Begin XCConfigurationList section */
		6A8AF0801B337E9700C2B463 /* Build configuration list for PBXProject "ToDoApp" */ = {
			isa = XCConfigurationList;
			buildConfigurations = (
				6A8AF0A61B337E9700C2B463 /* Debug */,
				6A8AF0A71B337E9700C2B463 /* Release */,
			);
			defaultConfigurationIsVisible = 0;
			defaultConfigurationName = Release;
		};
		6A8AF0A81B337E9700C2B463 /* Build configuration list for PBXNativeTarget "ToDoApp" */ = {
			isa = XCConfigurationList;
			buildConfigurations = (
				6A8AF0A91B337E9700C2B463 /* Debug */,
				6A8AF0AA1B337E9700C2B463 /* Release */,
			);
			defaultConfigurationIsVisible = 0;
			defaultConfigurationName = Release;
		};
		6A8AF0AB1B337E9700C2B463 /* Build configuration list for PBXNativeTarget "ToDoAppTests" */ = {
			isa = XCConfigurationList;
			buildConfigurations = (
				6A8AF0AC1B337E9700C2B463 /* Debug */,
				6A8AF0AD1B337E9700C2B463 /* Release */,
			);
			defaultConfigurationIsVisible = 0;
			defaultConfigurationName = Release;
		};
/* End XCConfigurationList section */
	};
	rootObject = 6A8AF07D1B337E9700C2B463 /* Project object */;
}
